// !$*UTF8*$!
{
	archiveVersion = 1;
	classes = {
	};
	objectVersion = 55;
	objects = {

/* Begin PBXBuildFile section */
		84FED0A52834E9E600687809 /* AppDelegate.swift in Sources */ = {isa = PBXBuildFile; fileRef = 84FED0A42834E9E600687809 /* AppDelegate.swift */; };
		84FED0A72834E9E600687809 /* SceneDelegate.swift in Sources */ = {isa = PBXBuildFile; fileRef = 84FED0A62834E9E600687809 /* SceneDelegate.swift */; };
		84FED0A92834E9E600687809 /* HomeViewController.swift in Sources */ = {isa = PBXBuildFile; fileRef = 84FED0A82834E9E600687809 /* HomeViewController.swift */; };
		84FED0AC2834E9E600687809 /* Main.storyboard in Resources */ = {isa = PBXBuildFile; fileRef = 84FED0AA2834E9E600687809 /* Main.storyboard */; };
		84FED0AE2834E9E900687809 /* Assets.xcassets in Resources */ = {isa = PBXBuildFile; fileRef = 84FED0AD2834E9E900687809 /* Assets.xcassets */; };
		84FED0B12834E9E900687809 /* LaunchScreen.storyboard in Resources */ = {isa = PBXBuildFile; fileRef = 84FED0AF2834E9E900687809 /* LaunchScreen.storyboard */; };
		84FED0BD2834F05A00687809 /* WeatherResponse.swift in Sources */ = {isa = PBXBuildFile; fileRef = 84FED0BC2834F05A00687809 /* WeatherResponse.swift */; };
		84FED0BF2834F2B200687809 /* ServiceError.swift in Sources */ = {isa = PBXBuildFile; fileRef = 84FED0BE2834F2B200687809 /* ServiceError.swift */; };
		84FED0C12834F33000687809 /* NetworkManager.swift in Sources */ = {isa = PBXBuildFile; fileRef = 84FED0C02834F33000687809 /* NetworkManager.swift */; };
		84FED0C32834F3C000687809 /* WeatherViewModel.swift in Sources */ = {isa = PBXBuildFile; fileRef = 84FED0C22834F3C000687809 /* WeatherViewModel.swift */; };
		84FED0C628355ECE00687809 /* ImageCacher.swift in Sources */ = {isa = PBXBuildFile; fileRef = 84FED0C528355ECE00687809 /* ImageCacher.swift */; };
		84FED0C828355F0100687809 /* ImageDownloader.swift in Sources */ = {isa = PBXBuildFile; fileRef = 84FED0C728355F0100687809 /* ImageDownloader.swift */; };
/* End PBXBuildFile section */

/* Begin PBXFileReference section */
		84FED0A12834E9E600687809 /* MyWeatherApp.app */ = {isa = PBXFileReference; explicitFileType = wrapper.application; includeInIndex = 0; path = MyWeatherApp.app; sourceTree = BUILT_PRODUCTS_DIR; };
		84FED0A42834E9E600687809 /* AppDelegate.swift */ = {isa = PBXFileReference; lastKnownFileType = sourcecode.swift; path = AppDelegate.swift; sourceTree = "<group>"; };
		84FED0A62834E9E600687809 /* SceneDelegate.swift */ = {isa = PBXFileReference; lastKnownFileType = sourcecode.swift; path = SceneDelegate.swift; sourceTree = "<group>"; };
		84FED0A82834E9E600687809 /* HomeViewController.swift */ = {isa = PBXFileReference; lastKnownFileType = sourcecode.swift; path = HomeViewController.swift; sourceTree = "<group>"; };
		84FED0AB2834E9E600687809 /* Base */ = {isa = PBXFileReference; lastKnownFileType = file.storyboard; name = Base; path = Base.lproj/Main.storyboard; sourceTree = "<group>"; };
		84FED0AD2834E9E900687809 /* Assets.xcassets */ = {isa = PBXFileReference; lastKnownFileType = folder.assetcatalog; path = Assets.xcassets; sourceTree = "<group>"; };
		84FED0B02834E9E900687809 /* Base */ = {isa = PBXFileReference; lastKnownFileType = file.storyboard; name = Base; path = Base.lproj/LaunchScreen.storyboard; sourceTree = "<group>"; };
		84FED0B22834E9E900687809 /* Info.plist */ = {isa = PBXFileReference; lastKnownFileType = text.plist.xml; path = Info.plist; sourceTree = "<group>"; };
		84FED0BC2834F05A00687809 /* WeatherResponse.swift */ = {isa = PBXFileReference; lastKnownFileType = sourcecode.swift; path = WeatherResponse.swift; sourceTree = "<group>"; };
		84FED0BE2834F2B200687809 /* ServiceError.swift */ = {isa = PBXFileReference; lastKnownFileType = sourcecode.swift; path = ServiceError.swift; sourceTree = "<group>"; };
		84FED0C02834F33000687809 /* NetworkManager.swift */ = {isa = PBXFileReference; lastKnownFileType = sourcecode.swift; path = NetworkManager.swift; sourceTree = "<group>"; };
		84FED0C22834F3C000687809 /* WeatherViewModel.swift */ = {isa = PBXFileReference; lastKnownFileType = sourcecode.swift; path = WeatherViewModel.swift; sourceTree = "<group>"; };
		84FED0C528355ECE00687809 /* ImageCacher.swift */ = {isa = PBXFileReference; lastKnownFileType = sourcecode.swift; path = ImageCacher.swift; sourceTree = "<group>"; };
		84FED0C728355F0100687809 /* ImageDownloader.swift */ = {isa = PBXFileReference; lastKnownFileType = sourcecode.swift; path = ImageDownloader.swift; sourceTree = "<group>"; };
/* End PBXFileReference section */

/* Begin PBXFrameworksBuildPhase section */
		84FED09E2834E9E600687809 /* Frameworks */ = {
			isa = PBXFrameworksBuildPhase;
			buildActionMask = 2147483647;
			files = (
			);
			runOnlyForDeploymentPostprocessing = 0;
		};
/* End PBXFrameworksBuildPhase section */

/* Begin PBXGroup section */
		84FED0982834E9E600687809 = {
			isa = PBXGroup;
			children = (
				84FED0A32834E9E600687809 /* MyWeatherApp */,
				84FED0A22834E9E600687809 /* Products */,
			);
			sourceTree = "<group>";
		};
		84FED0A22834E9E600687809 /* Products */ = {
			isa = PBXGroup;
			children = (
				84FED0A12834E9E600687809 /* MyWeatherApp.app */,
			);
			name = Products;
			sourceTree = "<group>";
		};
		84FED0A32834E9E600687809 /* MyWeatherApp */ = {
			isa = PBXGroup;
			children = (
				84FED0A42834E9E600687809 /* AppDelegate.swift */,
				84FED0A62834E9E600687809 /* SceneDelegate.swift */,
				84FED0B82834EC9200687809 /* Model */,
				84FED0B92834EC9D00687809 /* View */,
				84FED0BA2834ECA900687809 /* ViewModel */,
				84FED0BB2834ECB600687809 /* Network */,
				84FED0AA2834E9E600687809 /* Main.storyboard */,
				84FED0AD2834E9E900687809 /* Assets.xcassets */,
				84FED0AF2834E9E900687809 /* LaunchScreen.storyboard */,
				84FED0B22834E9E900687809 /* Info.plist */,
			);
			path = MyWeatherApp;
			sourceTree = "<group>";
		};
		84FED0B82834EC9200687809 /* Model */ = {
			isa = PBXGroup;
			children = (
				84FED0BC2834F05A00687809 /* WeatherResponse.swift */,
			);
			path = Model;
			sourceTree = "<group>";
		};
		84FED0B92834EC9D00687809 /* View */ = {
			isa = PBXGroup;
			children = (
				84FED0A82834E9E600687809 /* HomeViewController.swift */,
			);
			path = View;
			sourceTree = "<group>";
		};
		84FED0BA2834ECA900687809 /* ViewModel */ = {
			isa = PBXGroup;
			children = (
				84FED0C22834F3C000687809 /* WeatherViewModel.swift */,
			);
			path = ViewModel;
			sourceTree = "<group>";
		};
		84FED0BB2834ECB600687809 /* Network */ = {
			isa = PBXGroup;
			children = (
				84FED0C428355EAD00687809 /* ImageDownloaderCacher */,
				84FED0BE2834F2B200687809 /* ServiceError.swift */,
				84FED0C02834F33000687809 /* NetworkManager.swift */,
			);
			path = Network;
			sourceTree = "<group>";
		};
		84FED0C428355EAD00687809 /* ImageDownloaderCacher */ = {
			isa = PBXGroup;
			children = (
				84FED0C528355ECE00687809 /* ImageCacher.swift */,
				84FED0C728355F0100687809 /* ImageDownloader.swift */,
			);
			path = ImageDownloaderCacher;
			sourceTree = "<group>";
		};
/* End PBXGroup section */

/* Begin PBXNativeTarget section */
		84FED0A02834E9E600687809 /* MyWeatherApp */ = {
			isa = PBXNativeTarget;
			buildConfigurationList = 84FED0B52834E9E900687809 /* Build configuration list for PBXNativeTarget "MyWeatherApp" */;
			buildPhases = (
				84FED09D2834E9E600687809 /* Sources */,
				84FED09E2834E9E600687809 /* Frameworks */,
				84FED09F2834E9E600687809 /* Resources */,
			);
			buildRules = (
			);
			dependencies = (
			);
			name = MyWeatherApp;
			productName = MyWeatherApp;
			productReference = 84FED0A12834E9E600687809 /* MyWeatherApp.app */;
			productType = "com.apple.product-type.application";
		};
/* End PBXNativeTarget section */

/* Begin PBXProject section */
		84FED0992834E9E600687809 /* Project object */ = {
			isa = PBXProject;
			attributes = {
				BuildIndependentTargetsInParallel = 1;
				LastSwiftUpdateCheck = 1340;
				LastUpgradeCheck = 1340;
				TargetAttributes = {
					84FED0A02834E9E600687809 = {
						CreatedOnToolsVersion = 13.4;
					};
				};
			};
			buildConfigurationList = 84FED09C2834E9E600687809 /* Build configuration list for PBXProject "MyWeatherApp" */;
			compatibilityVersion = "Xcode 13.0";
			developmentRegion = en;
			hasScannedForEncodings = 0;
			knownRegions = (
				en,
				Base,
			);
			mainGroup = 84FED0982834E9E600687809;
			productRefGroup = 84FED0A22834E9E600687809 /* Products */;
			projectDirPath = "";
			projectRoot = "";
			targets = (
				84FED0A02834E9E600687809 /* MyWeatherApp */,
			);
		};
/* End PBXProject section */

/* Begin PBXResourcesBuildPhase section */
		84FED09F2834E9E600687809 /* Resources */ = {
			isa = PBXResourcesBuildPhase;
			buildActionMask = 2147483647;
			files = (
				84FED0B12834E9E900687809 /* LaunchScreen.storyboard in Resources */,
				84FED0AE2834E9E900687809 /* Assets.xcassets in Resources */,
				84FED0AC2834E9E600687809 /* Main.storyboard in Resources */,
			);
			runOnlyForDeploymentPostprocessing = 0;
		};
/* End PBXResourcesBuildPhase section */

/* Begin PBXSourcesBuildPhase section */
		84FED09D2834E9E600687809 /* Sources */ = {
			isa = PBXSourcesBuildPhase;
			buildActionMask = 2147483647;
			files = (
				84FED0C12834F33000687809 /* NetworkManager.swift in Sources */,
				84FED0BF2834F2B200687809 /* ServiceError.swift in Sources */,
				84FED0A92834E9E600687809 /* HomeViewController.swift in Sources */,
				84FED0C32834F3C000687809 /* WeatherViewModel.swift in Sources */,
				84FED0A52834E9E600687809 /* AppDelegate.swift in Sources */,
				84FED0C628355ECE00687809 /* ImageCacher.swift in Sources */,
				84FED0A72834E9E600687809 /* SceneDelegate.swift in Sources */,
				84FED0C828355F0100687809 /* ImageDownloader.swift in Sources */,
				84FED0BD2834F05A00687809 /* WeatherResponse.swift in Sources */,
			);
			runOnlyForDeploymentPostprocessing = 0;
		};
/* End PBXSourcesBuildPhase section */

/* Begin PBXVariantGroup section */
		84FED0AA2834E9E600687809 /* Main.storyboard */ = {
			isa = PBXVariantGroup;
			children = (
				84FED0AB2834E9E600687809 /* Base */,
			);
			name = Main.storyboard;
			sourceTree = "<group>";
		};
		84FED0AF2834E9E900687809 /* LaunchScreen.storyboard */ = {
			isa = PBXVariantGroup;
			children = (
				84FED0B02834E9E900687809 /* Base */,
			);
			name = LaunchScreen.storyboard;
			sourceTree = "<group>";
		};
/* End PBXVariantGroup section */

/* Begin XCBuildConfiguration section */
		84FED0B32834E9E900687809 /* Debug */ = {
			isa = XCBuildConfiguration;
			buildSettings = {
				ALWAYS_SEARCH_USER_PATHS = NO;
				CLANG_ANALYZER_NONNULL = YES;
				CLANG_ANALYZER_NUMBER_OBJECT_CONVERSION = YES_AGGRESSIVE;
				CLANG_CXX_LANGUAGE_STANDARD = "gnu++17";
				CLANG_ENABLE_MODULES = YES;
				CLANG_ENABLE_OBJC_ARC = YES;
				CLANG_ENABLE_OBJC_WEAK = YES;
				CLANG_WARN_BLOCK_CAPTURE_AUTORELEASING = YES;
				CLANG_WARN_BOOL_CONVERSION = YES;
				CLANG_WARN_COMMA = YES;
				CLANG_WARN_CONSTANT_CONVERSION = YES;
				CLANG_WARN_DEPRECATED_OBJC_IMPLEMENTATIONS = YES;
				CLANG_WARN_DIRECT_OBJC_ISA_USAGE = YES_ERROR;
				CLANG_WARN_DOCUMENTATION_COMMENTS = YES;
				CLANG_WARN_EMPTY_BODY = YES;
				CLANG_WARN_ENUM_CONVERSION = YES;
				CLANG_WARN_INFINITE_RECURSION = YES;
				CLANG_WARN_INT_CONVERSION = YES;
				CLANG_WARN_NON_LITERAL_NULL_CONVERSION = YES;
				CLANG_WARN_OBJC_IMPLICIT_RETAIN_SELF = YES;
				CLANG_WARN_OBJC_LITERAL_CONVERSION = YES;
				CLANG_WARN_OBJC_ROOT_CLASS = YES_ERROR;
				CLANG_WARN_QUOTED_INCLUDE_IN_FRAMEWORK_HEADER = YES;
				CLANG_WARN_RANGE_LOOP_ANALYSIS = YES;
				CLANG_WARN_STRICT_PROTOTYPES = YES;
				CLANG_WARN_SUSPICIOUS_MOVE = YES;
				CLANG_WARN_UNGUARDED_AVAILABILITY = YES_AGGRESSIVE;
				CLANG_WARN_UNREACHABLE_CODE = YES;
				CLANG_WARN__DUPLICATE_METHOD_MATCH = YES;
				COPY_PHASE_STRIP = NO;
				DEBUG_INFORMATION_FORMAT = dwarf;
				ENABLE_STRICT_OBJC_MSGSEND = YES;
				ENABLE_TESTABILITY = YES;
				GCC_C_LANGUAGE_STANDARD = gnu11;
				GCC_DYNAMIC_NO_PIC = NO;
				GCC_NO_COMMON_BLOCKS = YES;
				GCC_OPTIMIZATION_LEVEL = 0;
				GCC_PREPROCESSOR_DEFINITIONS = (
					"DEBUG=1",
					"$(inherited)",
				);
				GCC_WARN_64_TO_32_BIT_CONVERSION = YES;
				GCC_WARN_ABOUT_RETURN_TYPE = YES_ERROR;
				GCC_WARN_UNDECLARED_SELECTOR = YES;
				GCC_WARN_UNINITIALIZED_AUTOS = YES_AGGRESSIVE;
				GCC_WARN_UNUSED_FUNCTION = YES;
				GCC_WARN_UNUSED_VARIABLE = YES;
				IPHONEOS_DEPLOYMENT_TARGET = 15.5;
				MTL_ENABLE_DEBUG_INFO = INCLUDE_SOURCE;
				MTL_FAST_MATH = YES;
				ONLY_ACTIVE_ARCH = YES;
				SDKROOT = iphoneos;
				SWIFT_ACTIVE_COMPILATION_CONDITIONS = DEBUG;
				SWIFT_OPTIMIZATION_LEVEL = "-Onone";
			};
			name = Debug;
		};
		84FED0B42834E9E900687809 /* Release */ = {
			isa = XCBuildConfiguration;
			buildSettings = {
				ALWAYS_SEARCH_USER_PATHS = NO;
				CLANG_ANALYZER_NONNULL = YES;
				CLANG_ANALYZER_NUMBER_OBJECT_CONVERSION = YES_AGGRESSIVE;
				CLANG_CXX_LANGUAGE_STANDARD = "gnu++17";
				CLANG_ENABLE_MODULES = YES;
				CLANG_ENABLE_OBJC_ARC = YES;
				CLANG_ENABLE_OBJC_WEAK = YES;
				CLANG_WARN_BLOCK_CAPTURE_AUTORELEASING = YES;
				CLANG_WARN_BOOL_CONVERSION = YES;
				CLANG_WARN_COMMA = YES;
				CLANG_WARN_CONSTANT_CONVERSION = YES;
				CLANG_WARN_DEPRECATED_OBJC_IMPLEMENTATIONS = YES;
				CLANG_WARN_DIRECT_OBJC_ISA_USAGE = YES_ERROR;
				CLANG_WARN_DOCUMENTATION_COMMENTS = YES;
				CLANG_WARN_EMPTY_BODY = YES;
				CLANG_WARN_ENUM_CONVERSION = YES;
				CLANG_WARN_INFINITE_RECURSION = YES;
				CLANG_WARN_INT_CONVERSION = YES;
				CLANG_WARN_NON_LITERAL_NULL_CONVERSION = YES;
				CLANG_WARN_OBJC_IMPLICIT_RETAIN_SELF = YES;
				CLANG_WARN_OBJC_LITERAL_CONVERSION = YES;
				CLANG_WARN_OBJC_ROOT_CLASS = YES_ERROR;
				CLANG_WARN_QUOTED_INCLUDE_IN_FRAMEWORK_HEADER = YES;
				CLANG_WARN_RANGE_LOOP_ANALYSIS = YES;
				CLANG_WARN_STRICT_PROTOTYPES = YES;
				CLANG_WARN_SUSPICIOUS_MOVE = YES;
				CLANG_WARN_UNGUARDED_AVAILABILITY = YES_AGGRESSIVE;
				CLANG_WARN_UNREACHABLE_CODE = YES;
				CLANG_WARN__DUPLICATE_METHOD_MATCH = YES;
				COPY_PHASE_STRIP = NO;
				DEBUG_INFORMATION_FORMAT = "dwarf-with-dsym";
				ENABLE_NS_ASSERTIONS = NO;
				ENABLE_STRICT_OBJC_MSGSEND = YES;
				GCC_C_LANGUAGE_STANDARD = gnu11;
				GCC_NO_COMMON_BLOCKS = YES;
				GCC_WARN_64_TO_32_BIT_CONVERSION = YES;
				GCC_WARN_ABOUT_RETURN_TYPE = YES_ERROR;
				GCC_WARN_UNDECLARED_SELECTOR = YES;
				GCC_WARN_UNINITIALIZED_AUTOS = YES_AGGRESSIVE;
				GCC_WARN_UNUSED_FUNCTION = YES;
				GCC_WARN_UNUSED_VARIABLE = YES;
				IPHONEOS_DEPLOYMENT_TARGET = 15.5;
				MTL_ENABLE_DEBUG_INFO = NO;
				MTL_FAST_MATH = YES;
				SDKROOT = iphoneos;
				SWIFT_COMPILATION_MODE = wholemodule;
				SWIFT_OPTIMIZATION_LEVEL = "-O";
				VALIDATE_PRODUCT = YES;
			};
			name = Release;
		};
		84FED0B62834E9E900687809 /* Debug */ = {
			isa = XCBuildConfiguration;
			buildSettings = {
				ASSETCATALOG_COMPILER_APPICON_NAME = AppIcon;
				ASSETCATALOG_COMPILER_GLOBAL_ACCENT_COLOR_NAME = AccentColor;
				CODE_SIGN_STYLE = Automatic;
				CURRENT_PROJECT_VERSION = 1;
				GENERATE_INFOPLIST_FILE = YES;
				INFOPLIST_FILE = MyWeatherApp/Info.plist;
				INFOPLIST_KEY_UIApplicationSupportsIndirectInputEvents = YES;
				INFOPLIST_KEY_UILaunchStoryboardName = LaunchScreen;
				INFOPLIST_KEY_UIMainStoryboardFile = Main;
				INFOPLIST_KEY_UISupportedInterfaceOrientations_iPad = "UIInterfaceOrientationPortrait UIInterfaceOrientationPortraitUpsideDown UIInterfaceOrientationLandscapeLeft UIInterfaceOrientationLandscapeRight";
				INFOPLIST_KEY_UISupportedInterfaceOrientations_iPhone = "UIInterfaceOrientationPortrait UIInterfaceOrientationLandscapeLeft UIInterfaceOrientationLandscapeRight";
				LD_RUNPATH_SEARCH_PATHS = (
					"$(inherited)",
					"@executable_path/Frameworks",
				);
				MARKETING_VERSION = 1.0;
				PRODUCT_BUNDLE_IDENTIFIER = com.challenge.MyWeatherApp;
				PRODUCT_NAME = "$(TARGET_NAME)";
				SWIFT_EMIT_LOC_STRINGS = YES;
				SWIFT_VERSION = 5.0;
				TARGETED_DEVICE_FAMILY = "1,2";
			};
			name = Debug;
		};
		84FED0B72834E9E900687809 /* Release */ = {
			isa = XCBuildConfiguration;
			buildSettings = {
				ASSETCATALOG_COMPILER_APPICON_NAME = AppIcon;
				ASSETCATALOG_COMPILER_GLOBAL_ACCENT_COLOR_NAME = AccentColor;
				CODE_SIGN_STYLE = Automatic;
				CURRENT_PROJECT_VERSION = 1;
				GENERATE_INFOPLIST_FILE = YES;
				INFOPLIST_FILE = MyWeatherApp/Info.plist;
				INFOPLIST_KEY_UIApplicationSupportsIndirectInputEvents = YES;
				INFOPLIST_KEY_UILaunchStoryboardName = LaunchScreen;
				INFOPLIST_KEY_UIMainStoryboardFile = Main;
				INFOPLIST_KEY_UISupportedInterfaceOrientations_iPad = "UIInterfaceOrientationPortrait UIInterfaceOrientationPortraitUpsideDown UIInterfaceOrientationLandscapeLeft UIInterfaceOrientationLandscapeRight";
				INFOPLIST_KEY_UISupportedInterfaceOrientations_iPhone = "UIInterfaceOrientationPortrait UIInterfaceOrientationLandscapeLeft UIInterfaceOrientationLandscapeRight";
				LD_RUNPATH_SEARCH_PATHS = (
					"$(inherited)",
					"@executable_path/Frameworks",
				);
				MARKETING_VERSION = 1.0;
				PRODUCT_BUNDLE_IDENTIFIER = com.challenge.MyWeatherApp;
				PRODUCT_NAME = "$(TARGET_NAME)";
				SWIFT_EMIT_LOC_STRINGS = YES;
				SWIFT_VERSION = 5.0;
				TARGETED_DEVICE_FAMILY = "1,2";
			};
			name = Release;
		};
/* End XCBuildConfiguration section */

/* Begin XCConfigurationList section */
		84FED09C2834E9E600687809 /* Build configuration list for PBXProject "MyWeatherApp" */ = {
			isa = XCConfigurationList;
			buildConfigurations = (
				84FED0B32834E9E900687809 /* Debug */,
				84FED0B42834E9E900687809 /* Release */,
			);
			defaultConfigurationIsVisible = 0;
			defaultConfigurationName = Release;
		};
		84FED0B52834E9E900687809 /* Build configuration list for PBXNativeTarget "MyWeatherApp" */ = {
			isa = XCConfigurationList;
			buildConfigurations = (
				84FED0B62834E9E900687809 /* Debug */,
				84FED0B72834E9E900687809 /* Release */,
			);
			defaultConfigurationIsVisible = 0;
			defaultConfigurationName = Release;
		};
/* End XCConfigurationList section */
	};
	rootObject = 84FED0992834E9E600687809 /* Project object */;
}
